
Microsoft Visual Studio Solution File, Format Version 12.00
# Visual Studio Version 16
VisualStudioVersion = 16.0.30907.101
MinimumVisualStudioVersion = 10.0.40219.1
Project("{FAE04EC0-301F-11D3-BF4B-00C04F79EFBC}") = "GrpcGreeter", "GrpcGreeter.csproj", "{6F741D46-0F03-4B89-B474-6953BD87FC01}"
EndProject
Project("{FAE04EC0-301F-11D3-BF4B-00C04F79EFBC}") = "GrpcGreeterClient", "..\GrpcGreeterClient\GrpcGreeterClient.csproj", "{021CF9C9-3133-4A8C-847A-89B07926FE75}"
EndProject
Global
	GlobalSection(SolutionConfigurationPlatforms) = preSolution
		Debug|Any CPU = Debug|Any CPU
		Release|Any CPU = Release|Any CPU
	EndGlobalSection
	GlobalSection(ProjectConfigurationPlatforms) = postSolution
		{6F741D46-0F03-4B89-B474-6953BD87FC01}.Debug|Any CPU.ActiveCfg = Debug|Any CPU
		{6F741D46-0F03-4B89-B474-6953BD87FC01}.Debug|Any CPU.Build.0 = Debug|Any CPU
		{6F741D46-0F03-4B89-B474-6953BD87FC01}.Release|Any CPU.ActiveCfg = Release|Any CPU
		{6F741D46-0F03-4B89-B474-6953BD87FC01}.Release|Any CPU.Build.0 = Release|Any CPU
		{021CF9C9-3133-4A8C-847A-89B07926FE75}.Debug|Any CPU.ActiveCfg = Debug|Any CPU
		{021CF9C9-3133-4A8C-847A-89B07926FE75}.Debug|Any CPU.Build.0 = Debug|Any CPU
		{021CF9C9-3133-4A8C-847A-89B07926FE75}.Release|Any CPU.ActiveCfg = Release|Any CPU
		{021CF9C9-3133-4A8C-847A-89B07926FE75}.Release|Any CPU.Build.0 = Release|Any CPU
	EndGlobalSection
	GlobalSection(SolutionProperties) = preSolution
		HideSolutionNode = FALSE
	EndGlobalSection
	GlobalSection(ExtensibilityGlobals) = postSolution
		SolutionGuid = {857C8095-4D7A-4858-A14C-FA6925969DD2}
	EndGlobalSection
EndGlobal
